
Microsoft Visual Studio Solution File, Format Version 12.00
# Visual Studio 15
VisualStudioVersion = 15.0.27130.2027
MinimumVisualStudioVersion = 10.0.40219.1
Project("{9A19103F-16F7-4668-BE54-9A1E7A4F7556}") = "WebApiSQlite", "WebApiSQlite.csproj", "{A459DB29-BFAC-409F-9A4E-FC657B5ADA6E}"
EndProject
Global
	GlobalSection(SolutionConfigurationPlatforms) = preSolution
		Debug|Any CPU = Debug|Any CPU
		Release|Any CPU = Release|Any CPU
	EndGlobalSection
	GlobalSection(ProjectConfigurationPlatforms) = postSolution
		{A459DB29-BFAC-409F-9A4E-FC657B5ADA6E}.Debug|Any CPU.ActiveCfg = Debug|Any CPU
		{A459DB29-BFAC-409F-9A4E-FC657B5ADA6E}.Debug|Any CPU.Build.0 = Debug|Any CPU
		{A459DB29-BFAC-409F-9A4E-FC657B5ADA6E}.Release|Any CPU.ActiveCfg = Release|Any CPU
		{A459DB29-BFAC-409F-9A4E-FC657B5ADA6E}.Release|Any CPU.Build.0 = Release|Any CPU
	EndGlobalSection
	GlobalSection(SolutionProperties) = preSolution
		HideSolutionNode = FALSE
	EndGlobalSection
	GlobalSection(ExtensibilityGlobals) = postSolution
		SolutionGuid = {64DC2FA8-7166-4680-88FA-237446667628}
	EndGlobalSection
EndGlobal
